Microsoft Visual Studio Solution File, Format Version 12.00
# Visual Studio Version 17
VisualStudioVersion = 17.5.2.0
MinimumVisualStudioVersion = 10.0.40219.1
Project("{FAE04EC0-301F-11D3-BF4B-00C04F79EFBC}") = "Automatization", "Automatization.csproj", "{2BC116F4-1BB2-ABA7-A756-02C570698CF8}"
EndProject
Global
	GlobalSection(SolutionConfigurationPlatforms) = preSolution
		Debug|Any CPU = Debug|Any CPU
		Release|Any CPU = Release|Any CPU
	EndGlobalSection
	GlobalSection(ProjectConfigurationPlatforms) = postSolution
		{2BC116F4-1BB2-ABA7-A756-02C570698CF8}.Debug|Any CPU.ActiveCfg = Debug|Any CPU
		{2BC116F4-1BB2-ABA7-A756-02C570698CF8}.Debug|Any CPU.Build.0 = Debug|Any CPU
		{2BC116F4-1BB2-ABA7-A756-02C570698CF8}.Release|Any CPU.ActiveCfg = Release|Any CPU
		{2BC116F4-1BB2-ABA7-A756-02C570698CF8}.Release|Any CPU.Build.0 = Release|Any CPU
	EndGlobalSection
	GlobalSection(SolutionProperties) = preSolution
		HideSolutionNode = FALSE
	EndGlobalSection
	GlobalSection(ExtensibilityGlobals) = postSolution
		SolutionGuid = {B4F25C7D-6440-4464-9202-CF8F976F6B74}
	EndGlobalSection
EndGlobal
